
Microsoft Visual Studio Solution File, Format Version 12.00
# Visual Studio Version 16
VisualStudioVersion = 16.0.30204.135
MinimumVisualStudioVersion = 10.0.40219.1
Project("{FAE04EC0-301F-11D3-BF4B-00C04F79EFBC}") = "Phoneword.UWP", "Phoneword\Phoneword.UWP\Phoneword.UWP.csproj", "{14D860DF-B41F-4FDE-BBC0-B47E31A9039B}"
EndProject
Project("{FAE04EC0-301F-11D3-BF4B-00C04F79EFBC}") = "Phoneword.Android", "Phoneword\Phoneword.Android\Phoneword.Android.csproj", "{7A90E52C-BEAD-4A3A-BDC0-5B9C553EEDE4}"
EndProject
Project("{FAE04EC0-301F-11D3-BF4B-00C04F79EFBC}") = "Phoneword.iOS", "Phoneword\Phoneword.iOS\Phoneword.iOS.csproj", "{AFB3A3E0-C481-46B3-8AC5-B768C0449A15}"
EndProject
Project("{FAE04EC0-301F-11D3-BF4B-00C04F79EFBC}") = "Phoneword", "Phoneword\Phoneword\Phoneword.csproj", "{4F495630-4324-4937-9B6F-8BC6305BEFF6}"
EndProject
Global
	GlobalSection(SolutionConfigurationPlatforms) = preSolution
		Debug|Any CPU = Debug|Any CPU
		Debug|ARM = Debug|ARM
		Debug|iPhone = Debug|iPhone
		Debug|iPhoneSimulator = Debug|iPhoneSimulator
		Debug|x64 = Debug|x64
		Debug|x86 = Debug|x86
		Release|Any CPU = Release|Any CPU
		Release|ARM = Release|ARM
		Release|iPhone = Release|iPhone
		Release|iPhoneSimulator = Release|iPhoneSimulator
		Release|x64 = Release|x64
		Release|x86 = Release|x86
	EndGlobalSection
	GlobalSection(ProjectConfigurationPlatforms) = postSolution
		{14D860DF-B41F-4FDE-BBC0-B47E31A9039B}.Debug|Any CPU.ActiveCfg = Debug|x86
		{14D860DF-B41F-4FDE-BBC0-B47E31A9039B}.Debug|Any CPU.Build.0 = Debug|x86
		{14D860DF-B41F-4FDE-BBC0-B47E31A9039B}.Debug|Any CPU.Deploy.0 = Debug|x86
		{14D860DF-B41F-4FDE-BBC0-B47E31A9039B}.Debug|ARM.ActiveCfg = Debug|ARM
		{14D860DF-B41F-4FDE-BBC0-B47E31A9039B}.Debug|ARM.Build.0 = Debug|ARM
		{14D860DF-B41F-4FDE-BBC0-B47E31A9039B}.Debug|ARM.Deploy.0 = Debug|ARM
		{14D860DF-B41F-4FDE-BBC0-B47E31A9039B}.Debug|iPhone.ActiveCfg = Debug|x86
		{14D860DF-B41F-4FDE-BBC0-B47E31A9039B}.Debug|iPhone.Build.0 = Debug|x86
		{14D860DF-B41F-4FDE-BBC0-B47E31A9039B}.Debug|iPhone.Deploy.0 = Debug|x86
		{14D860DF-B41F-4FDE-BBC0-B47E31A9039B}.Debug|iPhoneSimulator.ActiveCfg = Debug|x86
		{14D860DF-B41F-4FDE-BBC0-B47E31A9039B}.Debug|iPhoneSimulator.Build.0 = Debug|x86
		{14D860DF-B41F-4FDE-BBC0-B47E31A9039B}.Debug|iPhoneSimulator.Deploy.0 = Debug|x86
		{14D860DF-B41F-4FDE-BBC0-B47E31A9039B}.Debug|x64.ActiveCfg = Debug|x64
		{14D860DF-B41F-4FDE-BBC0-B47E31A9039B}.Debug|x64.Build.0 = Debug|x64
		{14D860DF-B41F-4FDE-BBC0-B47E31A9039B}.Debug|x64.Deploy.0 = Debug|x64
		{14D860DF-B41F-4FDE-BBC0-B47E31A9039B}.Debug|x86.ActiveCfg = Debug|x86
		{14D860DF-B41F-4FDE-BBC0-B47E31A9039B}.Debug|x86.Build.0 = Debug|x86
		{14D860DF-B41F-4FDE-BBC0-B47E31A9039B}.Debug|x86.Deploy.0 = Debug|x86
		{14D860DF-B41F-4FDE-BBC0-B47E31A9039B}.Release|Any CPU.ActiveCfg = Release|x86
		{14D860DF-B41F-4FDE-BBC0-B47E31A9039B}.Release|Any CPU.Build.0 = Release|x86
		{14D860DF-B41F-4FDE-BBC0-B47E31A9039B}.Release|Any CPU.Deploy.0 = Release|x86
		{14D860DF-B41F-4FDE-BBC0-B47E31A9039B}.Release|ARM.ActiveCfg = Release|ARM
		{14D860DF-B41F-4FDE-BBC0-B47E31A9039B}.Release|ARM.Build.0 = Release|ARM
		{14D860DF-B41F-4FDE-BBC0-B47E31A9039B}.Release|ARM.Deploy.0 = Release|ARM
		{14D860DF-B41F-4FDE-BBC0-B47E31A9039B}.Release|iPhone.ActiveCfg = Release|x86
		{14D860DF-B41F-4FDE-BBC0-B47E31A9039B}.Release|iPhone.Build.0 = Release|x86
		{14D860DF-B41F-4FDE-BBC0-B47E31A9039B}.Release|iPhone.Deploy.0 = Release|x86
		{14D860DF-B41F-4FDE-BBC0-B47E31A9039B}.Release|iPhoneSimulator.ActiveCfg = Release|x86
		{14D860DF-B41F-4FDE-BBC0-B47E31A9039B}.Release|iPhoneSimulator.Build.0 = Release|x86
		{14D860DF-B41F-4FDE-BBC0-B47E31A9039B}.Release|iPhoneSimulator.Deploy.0 = Release|x86
		{14D860DF-B41F-4FDE-BBC0-B47E31A9039B}.Release|x64.ActiveCfg = Release|x64
		{14D860DF-B41F-4FDE-BBC0-B47E31A9039B}.Release|x64.Build.0 = Release|x64
		{14D860DF-B41F-4FDE-BBC0-B47E31A9039B}.Release|x64.Deploy.0 = Release|x64
		{14D860DF-B41F-4FDE-BBC0-B47E31A9039B}.Release|x86.ActiveCfg = Release|x86
		{14D860DF-B41F-4FDE-BBC0-B47E31A9039B}.Release|x86.Build.0 = Release|x86
		{14D860DF-B41F-4FDE-BBC0-B47E31A9039B}.Release|x86.Deploy.0 = Release|x86
		{7A90E52C-BEAD-4A3A-BDC0-5B9C553EEDE4}.Debug|Any CPU.ActiveCfg = Debug|Any CPU
		{7A90E52C-BEAD-4A3A-BDC0-5B9C553EEDE4}.Debug|Any CPU.Build.0 = Debug|Any CPU
		{7A90E52C-BEAD-4A3A-BDC0-5B9C553EEDE4}.Debug|Any CPU.Deploy.0 = Debug|Any CPU
		{7A90E52C-BEAD-4A3A-BDC0-5B9C553EEDE4}.Debug|ARM.ActiveCfg = Debug|Any CPU
		{7A90E52C-BEAD-4A3A-BDC0-5B9C553EEDE4}.Debug|ARM.Build.0 = Debug|Any CPU
		{7A90E52C-BEAD-4A3A-BDC0-5B9C553EEDE4}.Debug|ARM.Deploy.0 = Debug|Any CPU
		{7A90E52C-BEAD-4A3A-BDC0-5B9C553EEDE4}.Debug|iPhone.ActiveCfg = Debug|Any CPU
		{7A90E52C-BEAD-4A3A-BDC0-5B9C553EEDE4}.Debug|iPhone.Build.0 = Debug|Any CPU
		{7A90E52C-BEAD-4A3A-BDC0-5B9C553EEDE4}.Debug|iPhone.Deploy.0 = Debug|Any CPU
		{7A90E52C-BEAD-4A3A-BDC0-5B9C553EEDE4}.Debug|iPhoneSimulator.ActiveCfg = Debug|Any CPU
		{7A90E52C-BEAD-4A3A-BDC0-5B9C553EEDE4}.Debug|iPhoneSimulator.Build.0 = Debug|Any CPU
		{7A90E52C-BEAD-4A3A-BDC0-5B9C553EEDE4}.Debug|iPhoneSimulator.Deploy.0 = Debug|Any CPU
		{7A90E52C-BEAD-4A3A-BDC0-5B9C553EEDE4}.Debug|x64.ActiveCfg = Debug|Any CPU
		{7A90E52C-BEAD-4A3A-BDC0-5B9C553EEDE4}.Debug|x64.Build.0 = Debug|Any CPU
		{7A90E52C-BEAD-4A3A-BDC0-5B9C553EEDE4}.Debug|x64.Deploy.0 = Debug|Any CPU
		{7A90E52C-BEAD-4A3A-BDC0-5B9C553EEDE4}.Debug|x86.ActiveCfg = Debug|Any CPU
		{7A90E52C-BEAD-4A3A-BDC0-5B9C553EEDE4}.Debug|x86.Build.0 = Debug|Any CPU
		{7A90E52C-BEAD-4A3A-BDC0-5B9C553EEDE4}.Debug|x86.Deploy.0 = Debug|Any CPU
		{7A90E52C-BEAD-4A3A-BDC0-5B9C553EEDE4}.Release|Any CPU.ActiveCfg = Release|Any CPU
		{7A90E52C-BEAD-4A3A-BDC0-5B9C553EEDE4}.Release|Any CPU.Build.0 = Release|Any CPU
		{7A90E52C-BEAD-4A3A-BDC0-5B9C553EEDE4}.Release|Any CPU.Deploy.0 = Release|Any CPU
		{7A90E52C-BEAD-4A3A-BDC0-5B9C553EEDE4}.Release|ARM.ActiveCfg = Release|Any CPU
		{7A90E52C-BEAD-4A3A-BDC0-5B9C553EEDE4}.Release|ARM.Build.0 = Release|Any CPU
		{7A90E52C-BEAD-4A3A-BDC0-5B9C553EEDE4}.Release|ARM.Deploy.0 = Release|Any CPU
		{7A90E52C-BEAD-4A3A-BDC0-5B9C553EEDE4}.Release|iPhone.ActiveCfg = Release|Any CPU
		{7A90E52C-BEAD-4A3A-BDC0-5B9C553EEDE4}.Release|iPhone.Build.0 = Release|Any CPU
		{7A90E52C-BEAD-4A3A-BDC0-5B9C553EEDE4}.Release|iPhone.Deploy.0 = Release|Any CPU
		{7A90E52C-BEAD-4A3A-BDC0-5B9C553EEDE4}.Release|iPhoneSimulator.ActiveCfg = Release|Any CPU
		{7A90E52C-BEAD-4A3A-BDC0-5B9C553EEDE4}.Release|iPhoneSimulator.Build.0 = Release|Any CPU
		{7A90E52C-BEAD-4A3A-BDC0-5B9C553EEDE4}.Release|iPhoneSimulator.Deploy.0 = Release|Any CPU
		{7A90E52C-BEAD-4A3A-BDC0-5B9C553EEDE4}.Release|x64.ActiveCfg = Release|Any CPU
		{7A90E52C-BEAD-4A3A-BDC0-5B9C553EEDE4}.Release|x64.Build.0 = Release|Any CPU
		{7A90E52C-BEAD-4A3A-BDC0-5B9C553EEDE4}.Release|x64.Deploy.0 = Release|Any CPU
		{7A90E52C-BEAD-4A3A-BDC0-5B9C553EEDE4}.Release|x86.ActiveCfg = Release|Any CPU
		{7A90E52C-BEAD-4A3A-BDC0-5B9C553EEDE4}.Release|x86.Build.0 = Release|Any CPU
		{7A90E52C-BEAD-4A3A-BDC0-5B9C553EEDE4}.Release|x86.Deploy.0 = Release|Any CPU
		{AFB3A3E0-C481-46B3-8AC5-B768C0449A15}.Debug|Any CPU.ActiveCfg = Debug|iPhone
		{AFB3A3E0-C481-46B3-8AC5-B768C0449A15}.Debug|Any CPU.Build.0 = Debug|iPhone
		{AFB3A3E0-C481-46B3-8AC5-B768C0449A15}.Debug|Any CPU.Deploy.0 = Debug|iPhone
		{AFB3A3E0-C481-46B3-8AC5-B768C0449A15}.Debug|ARM.ActiveCfg = Debug|iPhone
		{AFB3A3E0-C481-46B3-8AC5-B768C0449A15}.Debug|ARM.Build.0 = Debug|iPhone
		{AFB3A3E0-C481-46B3-8AC5-B768C0449A15}.Debug|ARM.Deploy.0 = Debug|iPhone
		{AFB3A3E0-C481-46B3-8AC5-B768C0449A15}.Debug|iPhone.ActiveCfg = Debug|iPhone
		{AFB3A3E0-C481-46B3-8AC5-B768C0449A15}.Debug|iPhone.Build.0 = Debug|iPhone
		{AFB3A3E0-C481-46B3-8AC5-B768C0449A15}.Debug|iPhone.Deploy.0 = Debug|iPhone
		{AFB3A3E0-C481-46B3-8AC5-B768C0449A15}.Debug|iPhoneSimulator.ActiveCfg = Debug|iPhoneSimulator
		{AFB3A3E0-C481-46B3-8AC5-B768C0449A15}.Debug|iPhoneSimulator.Build.0 = Debug|iPhoneSimulator
		{AFB3A3E0-C481-46B3-8AC5-B768C0449A15}.Debug|iPhoneSimulator.Deploy.0 = Debug|iPhoneSimulator
		{AFB3A3E0-C481-46B3-8AC5-B768C0449A15}.Debug|x64.ActiveCfg = Debug|iPhone
		{AFB3A3E0-C481-46B3-8AC5-B768C0449A15}.Debug|x64.Build.0 = Debug|iPhone
		{AFB3A3E0-C481-46B3-8AC5-B768C0449A15}.Debug|x64.Deploy.0 = Debug|iPhone
		{AFB3A3E0-C481-46B3-8AC5-B768C0449A15}.Debug|x86.ActiveCfg = Debug|iPhone
		{AFB3A3E0-C481-46B3-8AC5-B768C0449A15}.Debug|x86.Build.0 = Debug|iPhone
		{AFB3A3E0-C481-46B3-8AC5-B768C0449A15}.Debug|x86.Deploy.0 = Debug|iPhone
		{AFB3A3E0-C481-46B3-8AC5-B768C0449A15}.Release|Any CPU.ActiveCfg = Release|iPhone
		{AFB3A3E0-C481-46B3-8AC5-B768C0449A15}.Release|Any CPU.Build.0 = Release|iPhone
		{AFB3A3E0-C481-46B3-8AC5-B768C0449A15}.Release|Any CPU.Deploy.0 = Release|iPhone
		{AFB3A3E0-C481-46B3-8AC5-B768C0449A15}.Release|ARM.ActiveCfg = Release|iPhone
		{AFB3A3E0-C481-46B3-8AC5-B768C0449A15}.Release|ARM.Build.0 = Release|iPhone
		{AFB3A3E0-C481-46B3-8AC5-B768C0449A15}.Release|ARM.Deploy.0 = Release|iPhone
		{AFB3A3E0-C481-46B3-8AC5-B768C0449A15}.Release|iPhone.ActiveCfg = Release|iPhone
		{AFB3A3E0-C481-46B3-8AC5-B768C0449A15}.Release|iPhone.Build.0 = Release|iPhone
		{AFB3A3E0-C481-46B3-8AC5-B768C0449A15}.Release|iPhone.Deploy.0 = Release|iPhone
		{AFB3A3E0-C481-46B3-8AC5-B768C0449A15}.Release|iPhoneSimulator.ActiveCfg = Release|iPhoneSimulator
		{AFB3A3E0-C481-46B3-8AC5-B768C0449A15}.Release|iPhoneSimulator.Build.0 = Release|iPhoneSimulator
		{AFB3A3E0-C481-46B3-8AC5-B768C0449A15}.Release|iPhoneSimulator.Deploy.0 = Release|iPhoneSimulator
		{AFB3A3E0-C481-46B3-8AC5-B768C0449A15}.Release|x64.ActiveCfg = Release|iPhone
		{AFB3A3E0-C481-46B3-8AC5-B768C0449A15}.Release|x64.Build.0 = Release|iPhone
		{AFB3A3E0-C481-46B3-8AC5-B768C0449A15}.Release|x64.Deploy.0 = Release|iPhone
		{AFB3A3E0-C481-46B3-8AC5-B768C0449A15}.Release|x86.ActiveCfg = Release|iPhone
		{AFB3A3E0-C481-46B3-8AC5-B768C0449A15}.Release|x86.Build.0 = Release|iPhone
		{AFB3A3E0-C481-46B3-8AC5-B768C0449A15}.Release|x86.Deploy.0 = Release|iPhone
		{4F495630-4324-4937-9B6F-8BC6305BEFF6}.Debug|Any CPU.ActiveCfg = Debug|Any CPU
		{4F495630-4324-4937-9B6F-8BC6305BEFF6}.Debug|Any CPU.Build.0 = Debug|Any CPU
		{4F495630-4324-4937-9B6F-8BC6305BEFF6}.Debug|Any CPU.Deploy.0 = Debug|Any CPU
		{4F495630-4324-4937-9B6F-8BC6305BEFF6}.Debug|ARM.ActiveCfg = Debug|Any CPU
		{4F495630-4324-4937-9B6F-8BC6305BEFF6}.Debug|ARM.Build.0 = Debug|Any CPU
		{4F495630-4324-4937-9B6F-8BC6305BEFF6}.Debug|ARM.Deploy.0 = Debug|Any CPU
		{4F495630-4324-4937-9B6F-8BC6305BEFF6}.Debug|iPhone.ActiveCfg = Debug|Any CPU
		{4F495630-4324-4937-9B6F-8BC6305BEFF6}.Debug|iPhone.Build.0 = Debug|Any CPU
		{4F495630-4324-4937-9B6F-8BC6305BEFF6}.Debug|iPhone.Deploy.0 = Debug|Any CPU
		{4F495630-4324-4937-9B6F-8BC6305BEFF6}.Debug|iPhoneSimulator.ActiveCfg = Debug|Any CPU
		{4F495630-4324-4937-9B6F-8BC6305BEFF6}.Debug|iPhoneSimulator.Build.0 = Debug|Any CPU
		{4F495630-4324-4937-9B6F-8BC6305BEFF6}.Debug|iPhoneSimulator.Deploy.0 = Debug|Any CPU
		{4F495630-4324-4937-9B6F-8BC6305BEFF6}.Debug|x64.ActiveCfg = Debug|Any CPU
		{4F495630-4324-4937-9B6F-8BC6305BEFF6}.Debug|x64.Build.0 = Debug|Any CPU
		{4F495630-4324-4937-9B6F-8BC6305BEFF6}.Debug|x64.Deploy.0 = Debug|Any CPU
		{4F495630-4324-4937-9B6F-8BC6305BEFF6}.Debug|x86.ActiveCfg = Debug|Any CPU
		{4F495630-4324-4937-9B6F-8BC6305BEFF6}.Debug|x86.Build.0 = Debug|Any CPU
		{4F495630-4324-4937-9B6F-8BC6305BEFF6}.Debug|x86.Deploy.0 = Debug|Any CPU
		{4F495630-4324-4937-9B6F-8BC6305BEFF6}.Release|Any CPU.ActiveCfg = Release|Any CPU
		{4F495630-4324-4937-9B6F-8BC6305BEFF6}.Release|Any CPU.Build.0 = Release|Any CPU
		{4F495630-4324-4937-9B6F-8BC6305BEFF6}.Release|Any CPU.Deploy.0 = Release|Any CPU
		{4F495630-4324-4937-9B6F-8BC6305BEFF6}.Release|ARM.ActiveCfg = Release|Any CPU
		{4F495630-4324-4937-9B6F-8BC6305BEFF6}.Release|ARM.Build.0 = Release|Any CPU
		{4F495630-4324-4937-9B6F-8BC6305BEFF6}.Release|ARM.Deploy.0 = Release|Any CPU
		{4F495630-4324-4937-9B6F-8BC6305BEFF6}.Release|iPhone.ActiveCfg = Release|Any CPU
		{4F495630-4324-4937-9B6F-8BC6305BEFF6}.Release|iPhone.Build.0 = Release|Any CPU
		{4F495630-4324-4937-9B6F-8BC6305BEFF6}.Release|iPhone.Deploy.0 = Release|Any CPU
		{4F495630-4324-4937-9B6F-8BC6305BEFF6}.Release|iPhoneSimulator.ActiveCfg = Release|Any CPU
		{4F495630-4324-4937-9B6F-8BC6305BEFF6}.Release|iPhoneSimulator.Build.0 = Release|Any CPU
		{4F495630-4324-4937-9B6F-8BC6305BEFF6}.Release|iPhoneSimulator.Deploy.0 = Release|Any CPU
		{4F495630-4324-4937-9B6F-8BC6305BEFF6}.Release|x64.ActiveCfg = Release|Any CPU
		{4F495630-4324-4937-9B6F-8BC6305BEFF6}.Release|x64.Build.0 = Release|Any CPU
		{4F495630-4324-4937-9B6F-8BC6305BEFF6}.Release|x64.Deploy.0 = Release|Any CPU
		{4F495630-4324-4937-9B6F-8BC6305BEFF6}.Release|x86.ActiveCfg = Release|Any CPU
		{4F495630-4324-4937-9B6F-8BC6305BEFF6}.Release|x86.Build.0 = Release|Any CPU
		{4F495630-4324-4937-9B6F-8BC6305BEFF6}.Release|x86.Deploy.0 = Release|Any CPU
	EndGlobalSection
	GlobalSection(SolutionProperties) = preSolution
		HideSolutionNode = FALSE
	EndGlobalSection
	GlobalSection(ExtensibilityGlobals) = postSolution
		SolutionGuid = {F4BC04E4-DA5F-42A0-80DF-43ADD0B478E0}
	EndGlobalSection
EndGlobal
